{
  "name": "@parsimap/mui-persistent-drawer",
  "version": "1.0.0",
  "lockfileVersion": 3,
  "requires": true,
  "packages": {
    "": {
      "name": "@parsimap/mui-persistent-drawer",
      "version": "1.0.0",
      "license": "MIT",
      "dependencies": {
        "token": "^0.1.0"
      }
    },
    "node_modules/token": {
      "version": "0.1.0",
      "resolved": "https://registry.npmjs.org/token/-/token-0.1.0.tgz",
      "integrity": "sha512-/q/8GFfSPu4LTIIOjXkDxKl20yoBkY5ZJzfBs57BnZlw99YQiVw+CV3NgPO59pwjjxn1dMjEBM7+5mMOSRajAQ=="
    }
  }
}
